
Microsoft Visual Studio Solution File, Format Version 11.00
# Visual Studio 2010
Project("{FAE04EC0-301F-11D3-BF4B-00C04F79EFBC}") = "HanticStructure3D", "Assembly-CSharp.csproj", "{94624806-F3A8-7982-B8CC-5231BD66F038}"
EndProject
Project("{FAE04EC0-301F-11D3-BF4B-00C04F79EFBC}") = "HanticStructure3D", "Assembly-CSharp-Editor.csproj", "{A0DCFFFA-4826-7AF6-28BB-5C70C10E34A0}"
EndProject
Global
	GlobalSection(SolutionConfigurationPlatforms) = preSolution
		Debug|Any CPU = Debug|Any CPU
		Release|Any CPU = Release|Any CPU
	EndGlobalSection
	GlobalSection(ProjectConfigurationPlatforms) = postSolution
		{94624806-F3A8-7982-B8CC-5231BD66F038}.Debug|Any CPU.ActiveCfg = Debug|Any CPU
		{94624806-F3A8-7982-B8CC-5231BD66F038}.Debug|Any CPU.Build.0 = Debug|Any CPU
		{94624806-F3A8-7982-B8CC-5231BD66F038}.Release|Any CPU.ActiveCfg = Release|Any CPU
		{94624806-F3A8-7982-B8CC-5231BD66F038}.Release|Any CPU.Build.0 = Release|Any CPU
		{A0DCFFFA-4826-7AF6-28BB-5C70C10E34A0}.Debug|Any CPU.ActiveCfg = Debug|Any CPU
		{A0DCFFFA-4826-7AF6-28BB-5C70C10E34A0}.Debug|Any CPU.Build.0 = Debug|Any CPU
		{A0DCFFFA-4826-7AF6-28BB-5C70C10E34A0}.Release|Any CPU.ActiveCfg = Release|Any CPU
		{A0DCFFFA-4826-7AF6-28BB-5C70C10E34A0}.Release|Any CPU.Build.0 = Release|Any CPU
	EndGlobalSection
	GlobalSection(SolutionProperties) = preSolution
		HideSolutionNode = FALSE
	EndGlobalSection
	GlobalSection(MonoDevelopProperties) = preSolution
		StartupItem = Assembly-CSharp.csproj
	EndGlobalSection
EndGlobal
